// !$*UTF8*$!
{
	archiveVersion = 1;
	classes = {
	};
	objectVersion = 56;
	objects = {

/* Begin PBXBuildFile section */
		33356E492ADF501800B4FB24 /* Movie.swift in Sources */ = {isa = PBXBuildFile; fileRef = 33356E482ADF501800B4FB24 /* Movie.swift */; };
		33356E4B2ADF522300B4FB24 /* MovieDetail.swift in Sources */ = {isa = PBXBuildFile; fileRef = 33356E4A2ADF522300B4FB24 /* MovieDetail.swift */; };
		336C0D892AE09E1500A81F64 /* DSM in Frameworks */ = {isa = PBXBuildFile; productRef = 336C0D882AE09E1500A81F64 /* DSM */; };
		33792E682AD82D5B00559CCC /* ContentView.swift in Sources */ = {isa = PBXBuildFile; fileRef = 33792E672AD82D5B00559CCC /* ContentView.swift */; };
		33792E6A2AD82D5C00559CCC /* Assets.xcassets in Resources */ = {isa = PBXBuildFile; fileRef = 33792E692AD82D5C00559CCC /* Assets.xcassets */; };
		33792E6D2AD82D5C00559CCC /* Preview Assets.xcassets in Resources */ = {isa = PBXBuildFile; fileRef = 33792E6C2AD82D5C00559CCC /* Preview Assets.xcassets */; };
		33792E742AD83B9700559CCC /* MovieViewModel.swift in Sources */ = {isa = PBXBuildFile; fileRef = 33792E732AD83B9700559CCC /* MovieViewModel.swift */; };
/* End PBXBuildFile section */

/* Begin PBXFileReference section */
		33356E482ADF501800B4FB24 /* Movie.swift */ = {isa = PBXFileReference; lastKnownFileType = sourcecode.swift; path = Movie.swift; sourceTree = "<group>"; };
		33356E4A2ADF522300B4FB24 /* MovieDetail.swift */ = {isa = PBXFileReference; lastKnownFileType = sourcecode.swift; path = MovieDetail.swift; sourceTree = "<group>"; };
		33792E622AD82D5B00559CCC /* CollectioViewSwuiftUI.app */ = {isa = PBXFileReference; explicitFileType = wrapper.application; includeInIndex = 0; path = CollectioViewSwuiftUI.app; sourceTree = BUILT_PRODUCTS_DIR; };
		33792E652AD82D5B00559CCC /* CollectioViewSwuiftUIApp.swift */ = {isa = PBXFileReference; lastKnownFileType = sourcecode.swift; path = CollectioViewSwuiftUIApp.swift; sourceTree = "<group>"; };
		33792E672AD82D5B00559CCC /* ContentView.swift */ = {isa = PBXFileReference; lastKnownFileType = sourcecode.swift; path = ContentView.swift; sourceTree = "<group>"; };
		33792E692AD82D5C00559CCC /* Assets.xcassets */ = {isa = PBXFileReference; lastKnownFileType = folder.assetcatalog; path = Assets.xcassets; sourceTree = "<group>"; };
		33792E6C2AD82D5C00559CCC /* Preview Assets.xcassets */ = {isa = PBXFileReference; lastKnownFileType = folder.assetcatalog; path = "Preview Assets.xcassets"; sourceTree = "<group>"; };
		33792E732AD83B9700559CCC /* MovieViewModel.swift */ = {isa = PBXFileReference; lastKnownFileType = sourcecode.swift; path = MovieViewModel.swift; sourceTree = "<group>"; };
		33E184952AE09D1D0035A105 /* DSM */ = {isa = PBXFileReference; lastKnownFileType = wrapper; name = DSM; path = ../DSM; sourceTree = "<group>"; };
/* End PBXFileReference section */

/* Begin PBXFrameworksBuildPhase section */
		33792E5F2AD82D5B00559CCC /* Frameworks */ = {
			isa = PBXFrameworksBuildPhase;
			buildActionMask = 2147483647;
			files = (
				336C0D892AE09E1500A81F64 /* DSM in Frameworks */,
			);
			runOnlyForDeploymentPostprocessing = 0;
		};
/* End PBXFrameworksBuildPhase section */

/* Begin PBXGroup section */
		336C0D872AE09E1500A81F64 /* Frameworks */ = {
			isa = PBXGroup;
			children = (
			);
			name = Frameworks;
			sourceTree = "<group>";
		};
		33792E592AD82D5B00559CCC = {
			isa = PBXGroup;
			children = (
				33E184942AE09D1D0035A105 /* Packages */,
				33792E642AD82D5B00559CCC /* CollectioViewSwuiftUI */,
				33792E632AD82D5B00559CCC /* Products */,
				336C0D872AE09E1500A81F64 /* Frameworks */,
			);
			sourceTree = "<group>";
		};
		33792E632AD82D5B00559CCC /* Products */ = {
			isa = PBXGroup;
			children = (
				33792E622AD82D5B00559CCC /* CollectioViewSwuiftUI.app */,
			);
			name = Products;
			sourceTree = "<group>";
		};
		33792E642AD82D5B00559CCC /* CollectioViewSwuiftUI */ = {
			isa = PBXGroup;
			children = (
				33792E652AD82D5B00559CCC /* CollectioViewSwuiftUIApp.swift */,
				33356E482ADF501800B4FB24 /* Movie.swift */,
				33792E672AD82D5B00559CCC /* ContentView.swift */,
				33356E4A2ADF522300B4FB24 /* MovieDetail.swift */,
				33792E732AD83B9700559CCC /* MovieViewModel.swift */,
				33792E692AD82D5C00559CCC /* Assets.xcassets */,
				33792E6B2AD82D5C00559CCC /* Preview Content */,
			);
			path = CollectioViewSwuiftUI;
			sourceTree = "<group>";
		};
		33792E6B2AD82D5C00559CCC /* Preview Content */ = {
			isa = PBXGroup;
			children = (
				33792E6C2AD82D5C00559CCC /* Preview Assets.xcassets */,
			);
			path = "Preview Content";
			sourceTree = "<group>";
		};
		33E184942AE09D1D0035A105 /* Packages */ = {
			isa = PBXGroup;
			children = (
				33E184952AE09D1D0035A105 /* DSM */,
			);
			name = Packages;
			sourceTree = "<group>";
		};
/* End PBXGroup section */

/* Begin PBXNativeTarget section */
		33792E612AD82D5B00559CCC /* CollectioViewSwuiftUI */ = {
			isa = PBXNativeTarget;
			buildConfigurationList = 33792E702AD82D5C00559CCC /* Build configuration list for PBXNativeTarget "CollectioViewSwuiftUI" */;
			buildPhases = (
				33792E5E2AD82D5B00559CCC /* Sources */,
				33792E5F2AD82D5B00559CCC /* Frameworks */,
				33792E602AD82D5B00559CCC /* Resources */,
			);
			buildRules = (
			);
			dependencies = (
			);
			name = CollectioViewSwuiftUI;
			packageProductDependencies = (
				336C0D882AE09E1500A81F64 /* DSM */,
			);
			productName = CollectioViewSwuiftUI;
			productReference = 33792E622AD82D5B00559CCC /* CollectioViewSwuiftUI.app */;
			productType = "com.apple.product-type.application";
		};
/* End PBXNativeTarget section */

/* Begin PBXProject section */
		33792E5A2AD82D5B00559CCC /* Project object */ = {
			isa = PBXProject;
			attributes = {
				BuildIndependentTargetsInParallel = 1;
				LastSwiftUpdateCheck = 1400;
				LastUpgradeCheck = 1400;
				TargetAttributes = {
					33792E612AD82D5B00559CCC = {
						CreatedOnToolsVersion = 14.0;
					};
				};
			};
			buildConfigurationList = 33792E5D2AD82D5B00559CCC /* Build configuration list for PBXProject "CollectioViewSwuiftUI" */;
			compatibilityVersion = "Xcode 14.0";
			developmentRegion = en;
			hasScannedForEncodings = 0;
			knownRegions = (
				en,
				Base,
			);
			mainGroup = 33792E592AD82D5B00559CCC;
			productRefGroup = 33792E632AD82D5B00559CCC /* Products */;
			projectDirPath = "";
			projectRoot = "";
			targets = (
				33792E612AD82D5B00559CCC /* CollectioViewSwuiftUI */,
			);
		};
/* End PBXProject section */

/* Begin PBXResourcesBuildPhase section */
		33792E602AD82D5B00559CCC /* Resources */ = {
			isa = PBXResourcesBuildPhase;
			buildActionMask = 2147483647;
			files = (
				33792E6D2AD82D5C00559CCC /* Preview Assets.xcassets in Resources */,
				33792E6A2AD82D5C00559CCC /* Assets.xcassets in Resources */,
			);
			runOnlyForDeploymentPostprocessing = 0;
		};
/* End PBXResourcesBuildPhase section */

/* Begin PBXSourcesBuildPhase section */
		33792E5E2AD82D5B00559CCC /* Sources */ = {
			isa = PBXSourcesBuildPhase;
			buildActionMask = 2147483647;
			files = (
				33356E492ADF501800B4FB24 /* Movie.swift in Sources */,
				33356E4B2ADF522300B4FB24 /* MovieDetail.swift in Sources */,
				33792E682AD82D5B00559CCC /* ContentView.swift in Sources */,
				33792E742AD83B9700559CCC /* MovieViewModel.swift in Sources */,
			);
			runOnlyForDeploymentPostprocessing = 0;
		};
/* End PBXSourcesBuildPhase section */

/* Begin XCBuildConfiguration section */
		33792E6E2AD82D5C00559CCC /* Debug */ = {
			isa = XCBuildConfiguration;
			buildSettings = {
				ALWAYS_SEARCH_USER_PATHS = NO;
				CLANG_ANALYZER_NONNULL = YES;
				CLANG_ANALYZER_NUMBER_OBJECT_CONVERSION = YES_AGGRESSIVE;
				CLANG_CXX_LANGUAGE_STANDARD = "gnu++20";
				CLANG_ENABLE_MODULES = YES;
				CLANG_ENABLE_OBJC_ARC = YES;
				CLANG_ENABLE_OBJC_WEAK = YES;
				CLANG_WARN_BLOCK_CAPTURE_AUTORELEASING = YES;
				CLANG_WARN_BOOL_CONVERSION = YES;
				CLANG_WARN_COMMA = YES;
				CLANG_WARN_CONSTANT_CONVERSION = YES;
				CLANG_WARN_DEPRECATED_OBJC_IMPLEMENTATIONS = YES;
				CLANG_WARN_DIRECT_OBJC_ISA_USAGE = YES_ERROR;
				CLANG_WARN_DOCUMENTATION_COMMENTS = YES;
				CLANG_WARN_EMPTY_BODY = YES;
				CLANG_WARN_ENUM_CONVERSION = YES;
				CLANG_WARN_INFINITE_RECURSION = YES;
				CLANG_WARN_INT_CONVERSION = YES;
				CLANG_WARN_NON_LITERAL_NULL_CONVERSION = YES;
				CLANG_WARN_OBJC_IMPLICIT_RETAIN_SELF = YES;
				CLANG_WARN_OBJC_LITERAL_CONVERSION = YES;
				CLANG_WARN_OBJC_ROOT_CLASS = YES_ERROR;
				CLANG_WARN_QUOTED_INCLUDE_IN_FRAMEWORK_HEADER = YES;
				CLANG_WARN_RANGE_LOOP_ANALYSIS = YES;
				CLANG_WARN_STRICT_PROTOTYPES = YES;
				CLANG_WARN_SUSPICIOUS_MOVE = YES;
				CLANG_WARN_UNGUARDED_AVAILABILITY = YES_AGGRESSIVE;
				CLANG_WARN_UNREACHABLE_CODE = YES;
				CLANG_WARN__DUPLICATE_METHOD_MATCH = YES;
				COPY_PHASE_STRIP = NO;
				DEBUG_INFORMATION_FORMAT = dwarf;
				ENABLE_STRICT_OBJC_MSGSEND = YES;
				ENABLE_TESTABILITY = YES;
				GCC_C_LANGUAGE_STANDARD = gnu11;
				GCC_DYNAMIC_NO_PIC = NO;
				GCC_NO_COMMON_BLOCKS = YES;
				GCC_OPTIMIZATION_LEVEL = 0;
				GCC_PREPROCESSOR_DEFINITIONS = (
					"DEBUG=1",
					"$(inherited)",
				);
				GCC_WARN_64_TO_32_BIT_CONVERSION = YES;
				GCC_WARN_ABOUT_RETURN_TYPE = YES_ERROR;
				GCC_WARN_UNDECLARED_SELECTOR = YES;
				GCC_WARN_UNINITIALIZED_AUTOS = YES_AGGRESSIVE;
				GCC_WARN_UNUSED_FUNCTION = YES;
				GCC_WARN_UNUSED_VARIABLE = YES;
				IPHONEOS_DEPLOYMENT_TARGET = 16.0;
				MTL_ENABLE_DEBUG_INFO = INCLUDE_SOURCE;
				MTL_FAST_MATH = YES;
				ONLY_ACTIVE_ARCH = YES;
				SDKROOT = iphoneos;
				SWIFT_ACTIVE_COMPILATION_CONDITIONS = DEBUG;
				SWIFT_OPTIMIZATION_LEVEL = "-Onone";
			};
			name = Debug;
		};
		33792E6F2AD82D5C00559CCC /* Release */ = {
			isa = XCBuildConfiguration;
			buildSettings = {
				ALWAYS_SEARCH_USER_PATHS = NO;
				CLANG_ANALYZER_NONNULL = YES;
				CLANG_ANALYZER_NUMBER_OBJECT_CONVERSION = YES_AGGRESSIVE;
				CLANG_CXX_LANGUAGE_STANDARD = "gnu++20";
				CLANG_ENABLE_MODULES = YES;
				CLANG_ENABLE_OBJC_ARC = YES;
				CLANG_ENABLE_OBJC_WEAK = YES;
				CLANG_WARN_BLOCK_CAPTURE_AUTORELEASING = YES;
				CLANG_WARN_BOOL_CONVERSION = YES;
				CLANG_WARN_COMMA = YES;
				CLANG_WARN_CONSTANT_CONVERSION = YES;
				CLANG_WARN_DEPRECATED_OBJC_IMPLEMENTATIONS = YES;
				CLANG_WARN_DIRECT_OBJC_ISA_USAGE = YES_ERROR;
				CLANG_WARN_DOCUMENTATION_COMMENTS = YES;
				CLANG_WARN_EMPTY_BODY = YES;
				CLANG_WARN_ENUM_CONVERSION = YES;
				CLANG_WARN_INFINITE_RECURSION = YES;
				CLANG_WARN_INT_CONVERSION = YES;
				CLANG_WARN_NON_LITERAL_NULL_CONVERSION = YES;
				CLANG_WARN_OBJC_IMPLICIT_RETAIN_SELF = YES;
				CLANG_WARN_OBJC_LITERAL_CONVERSION = YES;
				CLANG_WARN_OBJC_ROOT_CLASS = YES_ERROR;
				CLANG_WARN_QUOTED_INCLUDE_IN_FRAMEWORK_HEADER = YES;
				CLANG_WARN_RANGE_LOOP_ANALYSIS = YES;
				CLANG_WARN_STRICT_PROTOTYPES = YES;
				CLANG_WARN_SUSPICIOUS_MOVE = YES;
				CLANG_WARN_UNGUARDED_AVAILABILITY = YES_AGGRESSIVE;
				CLANG_WARN_UNREACHABLE_CODE = YES;
				CLANG_WARN__DUPLICATE_METHOD_MATCH = YES;
				COPY_PHASE_STRIP = NO;
				DEBUG_INFORMATION_FORMAT = "dwarf-with-dsym";
				ENABLE_NS_ASSERTIONS = NO;
				ENABLE_STRICT_OBJC_MSGSEND = YES;
				GCC_C_LANGUAGE_STANDARD = gnu11;
				GCC_NO_COMMON_BLOCKS = YES;
				GCC_WARN_64_TO_32_BIT_CONVERSION = YES;
				GCC_WARN_ABOUT_RETURN_TYPE = YES_ERROR;
				GCC_WARN_UNDECLARED_SELECTOR = YES;
				GCC_WARN_UNINITIALIZED_AUTOS = YES_AGGRESSIVE;
				GCC_WARN_UNUSED_FUNCTION = YES;
				GCC_WARN_UNUSED_VARIABLE = YES;
				IPHONEOS_DEPLOYMENT_TARGET = 16.0;
				MTL_ENABLE_DEBUG_INFO = NO;
				MTL_FAST_MATH = YES;
				SDKROOT = iphoneos;
				SWIFT_COMPILATION_MODE = wholemodule;
				SWIFT_OPTIMIZATION_LEVEL = "-O";
				VALIDATE_PRODUCT = YES;
			};
			name = Release;
		};
		33792E712AD82D5C00559CCC /* Debug */ = {
			isa = XCBuildConfiguration;
			buildSettings = {
				ASSETCATALOG_COMPILER_APPICON_NAME = AppIcon;
				ASSETCATALOG_COMPILER_GLOBAL_ACCENT_COLOR_NAME = AccentColor;
				CODE_SIGN_STYLE = Automatic;
				CURRENT_PROJECT_VERSION = 1;
				DEVELOPMENT_ASSET_PATHS = "\"CollectioViewSwuiftUI/Preview Content\"";
				DEVELOPMENT_TEAM = 3UT276DC9L;
				ENABLE_PREVIEWS = YES;
				GENERATE_INFOPLIST_FILE = YES;
				INFOPLIST_KEY_UIApplicationSceneManifest_Generation = YES;
				INFOPLIST_KEY_UIApplicationSupportsIndirectInputEvents = YES;
				INFOPLIST_KEY_UILaunchScreen_Generation = YES;
				INFOPLIST_KEY_UISupportedInterfaceOrientations_iPad = "UIInterfaceOrientationPortrait UIInterfaceOrientationPortraitUpsideDown UIInterfaceOrientationLandscapeLeft UIInterfaceOrientationLandscapeRight";
				INFOPLIST_KEY_UISupportedInterfaceOrientations_iPhone = "UIInterfaceOrientationPortrait UIInterfaceOrientationLandscapeLeft UIInterfaceOrientationLandscapeRight";
				LD_RUNPATH_SEARCH_PATHS = (
					"$(inherited)",
					"@executable_path/Frameworks",
				);
				MARKETING_VERSION = 1.0;
				PRODUCT_BUNDLE_IDENTIFIER = "dio-AppDesafioFinal.CollectioViewSwuiftUI";
				PRODUCT_NAME = "$(TARGET_NAME)";
				SWIFT_EMIT_LOC_STRINGS = YES;
				SWIFT_VERSION = 5.0;
				TARGETED_DEVICE_FAMILY = "1,2";
			};
			name = Debug;
		};
		33792E722AD82D5C00559CCC /* Release */ = {
			isa = XCBuildConfiguration;
			buildSettings = {
				ASSETCATALOG_COMPILER_APPICON_NAME = AppIcon;
				ASSETCATALOG_COMPILER_GLOBAL_ACCENT_COLOR_NAME = AccentColor;
				CODE_SIGN_STYLE = Automatic;
				CURRENT_PROJECT_VERSION = 1;
				DEVELOPMENT_ASSET_PATHS = "\"CollectioViewSwuiftUI/Preview Content\"";
				DEVELOPMENT_TEAM = 3UT276DC9L;
				ENABLE_PREVIEWS = YES;
				GENERATE_INFOPLIST_FILE = YES;
				INFOPLIST_KEY_UIApplicationSceneManifest_Generation = YES;
				INFOPLIST_KEY_UIApplicationSupportsIndirectInputEvents = YES;
				INFOPLIST_KEY_UILaunchScreen_Generation = YES;
				INFOPLIST_KEY_UISupportedInterfaceOrientations_iPad = "UIInterfaceOrientationPortrait UIInterfaceOrientationPortraitUpsideDown UIInterfaceOrientationLandscapeLeft UIInterfaceOrientationLandscapeRight";
				INFOPLIST_KEY_UISupportedInterfaceOrientations_iPhone = "UIInterfaceOrientationPortrait UIInterfaceOrientationLandscapeLeft UIInterfaceOrientationLandscapeRight";
				LD_RUNPATH_SEARCH_PATHS = (
					"$(inherited)",
					"@executable_path/Frameworks",
				);
				MARKETING_VERSION = 1.0;
				PRODUCT_BUNDLE_IDENTIFIER = "dio-AppDesafioFinal.CollectioViewSwuiftUI";
				PRODUCT_NAME = "$(TARGET_NAME)";
				SWIFT_EMIT_LOC_STRINGS = YES;
				SWIFT_VERSION = 5.0;
				TARGETED_DEVICE_FAMILY = "1,2";
			};
			name = Release;
		};
/* End XCBuildConfiguration section */

/* Begin XCConfigurationList section */
		33792E5D2AD82D5B00559CCC /* Build configuration list for PBXProject "CollectioViewSwuiftUI" */ = {
			isa = XCConfigurationList;
			buildConfigurations = (
				33792E6E2AD82D5C00559CCC /* Debug */,
				33792E6F2AD82D5C00559CCC /* Release */,
			);
			defaultConfigurationIsVisible = 0;
			defaultConfigurationName = Release;
		};
		33792E702AD82D5C00559CCC /* Build configuration list for PBXNativeTarget "CollectioViewSwuiftUI" */ = {
			isa = XCConfigurationList;
			buildConfigurations = (
				33792E712AD82D5C00559CCC /* Debug */,
				33792E722AD82D5C00559CCC /* Release */,
			);
			defaultConfigurationIsVisible = 0;
			defaultConfigurationName = Release;
		};
/* End XCConfigurationList section */

/* Begin XCSwiftPackageProductDependency section */
		336C0D882AE09E1500A81F64 /* DSM */ = {
			isa = XCSwiftPackageProductDependency;
			productName = DSM;
		};
/* End XCSwiftPackageProductDependency section */
	};
	rootObject = 33792E5A2AD82D5B00559CCC /* Project object */;
}
